// !$*UTF8*$!
{
	archiveVersion = 1;
	classes = {
	};
	objectVersion = 77;
	objects = {

/* Begin PBXFileReference section */
		BFE3C1A62CC15EC400CD69E4 /* sds_block_variables.yml */ = {isa = PBXFileReference; lastKnownFileType = text.yaml; path = sds_block_variables.yml; sourceTree = "<group>"; };
		BFE3C1A72CC15EF800CD69E4 /* ansible_vault_storage_vars.yml */ = {isa = PBXFileReference; lastKnownFileType = text.yaml; path = ansible_vault_storage_vars.yml; sourceTree = "<group>"; };
		BFE3C1A82CC15FF100CD69E4 /* create_compute_node.yml */ = {isa = PBXFileReference; lastKnownFileType = text.yaml; path = create_compute_node.yml; sourceTree = "<group>"; };
/* End PBXFileReference section */

/* Begin PBXGroup section */
		BFE3C19F2CC159C100CD69E4 = {
			isa = PBXGroup;
			children = (
				BFE3C1A62CC15EC400CD69E4 /* sds_block_variables.yml */,
				BFE3C1A72CC15EF800CD69E4 /* ansible_vault_storage_vars.yml */,
				BFE3C1A82CC15FF100CD69E4 /* create_compute_node.yml */,
			);
			sourceTree = "<group>";
		};
/* End PBXGroup section */

/* Begin PBXProject section */
		BFE3C1A02CC159C100CD69E4 /* Project object */ = {
			isa = PBXProject;
			attributes = {
				BuildIndependentTargetsInParallel = 1;
				LastUpgradeCheck = 1600;
			};
			buildConfigurationList = BFE3C1A32CC159C100CD69E4 /* Build configuration list for PBXProject "Demo" */;
			developmentRegion = en;
			hasScannedForEncodings = 0;
			knownRegions = (
				en,
				Base,
			);
			mainGroup = BFE3C19F2CC159C100CD69E4;
			minimizedProjectReferenceProxies = 1;
			preferredProjectObjectVersion = 77;
			projectDirPath = "";
			projectRoot = "";
			targets = (
			);
		};
/* End PBXProject section */

/* Begin XCBuildConfiguration section */
		BFE3C1A42CC159C100CD69E4 /* Debug */ = {
			isa = XCBuildConfiguration;
			buildSettings = {
			};
			name = Debug;
		};
		BFE3C1A52CC159C100CD69E4 /* Release */ = {
			isa = XCBuildConfiguration;
			buildSettings = {
			};
			name = Release;
		};
/* End XCBuildConfiguration section */

/* Begin XCConfigurationList section */
		BFE3C1A32CC159C100CD69E4 /* Build configuration list for PBXProject "Demo" */ = {
			isa = XCConfigurationList;
			buildConfigurations = (
				BFE3C1A42CC159C100CD69E4 /* Debug */,
				BFE3C1A52CC159C100CD69E4 /* Release */,
			);
			defaultConfigurationIsVisible = 0;
			defaultConfigurationName = Release;
		};
/* End XCConfigurationList section */
	};
	rootObject = BFE3C1A02CC159C100CD69E4 /* Project object */;
}
